
Microsoft Visual Studio Solution File, Format Version 12.00
# Visual Studio Version 18
VisualStudioVersion = 18.1.11312.151
MinimumVisualStudioVersion = 10.0.40219.1
Project("{FAE04EC0-301F-11D3-BF4B-00C04F79EFBC}") = "SmartToggle", "SmartToggle.csproj", "{24435CFC-F918-4E9B-9307-C5EAFB11A06D}"
EndProject
Project("{2150E333-8FDC-42A3-9474-1A3956D46DE8}") = "Solution Items", "Solution Items", "{3A783860-C097-433F-867A-E96538602A48}"
EndProject
Project("{FAE04EC0-301F-11D3-BF4B-00C04F79EFBC}") = "SmartToggle.Tests", "..\SmartToggle.Tests\SmartToggle.Tests.csproj", "{5AAA2501-0734-4FFB-AA29-558BBA587550}"
EndProject
Project("{FAE04EC0-301F-11D3-BF4B-00C04F79EFBC}") = "SmartToggle.DemoService", "..\SmartToggle.DemoService\SmartToggle.DemoService.csproj", "{BA5D2D3E-D877-416C-BF39-EECD481513E6}"
EndProject
Global
	GlobalSection(SolutionConfigurationPlatforms) = preSolution
		Debug|Any CPU = Debug|Any CPU
		Debug|x64 = Debug|x64
		Debug|x86 = Debug|x86
		Release|Any CPU = Release|Any CPU
		Release|x64 = Release|x64
		Release|x86 = Release|x86
	EndGlobalSection
	GlobalSection(ProjectConfigurationPlatforms) = postSolution
		{24435CFC-F918-4E9B-9307-C5EAFB11A06D}.Debug|Any CPU.ActiveCfg = Debug|Any CPU
		{24435CFC-F918-4E9B-9307-C5EAFB11A06D}.Debug|Any CPU.Build.0 = Debug|Any CPU
		{24435CFC-F918-4E9B-9307-C5EAFB11A06D}.Debug|x64.ActiveCfg = Debug|Any CPU
		{24435CFC-F918-4E9B-9307-C5EAFB11A06D}.Debug|x64.Build.0 = Debug|Any CPU
		{24435CFC-F918-4E9B-9307-C5EAFB11A06D}.Debug|x86.ActiveCfg = Debug|Any CPU
		{24435CFC-F918-4E9B-9307-C5EAFB11A06D}.Debug|x86.Build.0 = Debug|Any CPU
		{24435CFC-F918-4E9B-9307-C5EAFB11A06D}.Release|Any CPU.ActiveCfg = Release|Any CPU
		{24435CFC-F918-4E9B-9307-C5EAFB11A06D}.Release|Any CPU.Build.0 = Release|Any CPU
		{24435CFC-F918-4E9B-9307-C5EAFB11A06D}.Release|x64.ActiveCfg = Release|Any CPU
		{24435CFC-F918-4E9B-9307-C5EAFB11A06D}.Release|x64.Build.0 = Release|Any CPU
		{24435CFC-F918-4E9B-9307-C5EAFB11A06D}.Release|x86.ActiveCfg = Release|Any CPU
		{24435CFC-F918-4E9B-9307-C5EAFB11A06D}.Release|x86.Build.0 = Release|Any CPU
		{5AAA2501-0734-4FFB-AA29-558BBA587550}.Debug|Any CPU.ActiveCfg = Debug|Any CPU
		{5AAA2501-0734-4FFB-AA29-558BBA587550}.Debug|Any CPU.Build.0 = Debug|Any CPU
		{5AAA2501-0734-4FFB-AA29-558BBA587550}.Debug|x64.ActiveCfg = Debug|Any CPU
		{5AAA2501-0734-4FFB-AA29-558BBA587550}.Debug|x64.Build.0 = Debug|Any CPU
		{5AAA2501-0734-4FFB-AA29-558BBA587550}.Debug|x86.ActiveCfg = Debug|Any CPU
		{5AAA2501-0734-4FFB-AA29-558BBA587550}.Debug|x86.Build.0 = Debug|Any CPU
		{5AAA2501-0734-4FFB-AA29-558BBA587550}.Release|Any CPU.ActiveCfg = Release|Any CPU
		{5AAA2501-0734-4FFB-AA29-558BBA587550}.Release|Any CPU.Build.0 = Release|Any CPU
		{5AAA2501-0734-4FFB-AA29-558BBA587550}.Release|x64.ActiveCfg = Release|Any CPU
		{5AAA2501-0734-4FFB-AA29-558BBA587550}.Release|x64.Build.0 = Release|Any CPU
		{5AAA2501-0734-4FFB-AA29-558BBA587550}.Release|x86.ActiveCfg = Release|Any CPU
		{5AAA2501-0734-4FFB-AA29-558BBA587550}.Release|x86.Build.0 = Release|Any CPU
		{BA5D2D3E-D877-416C-BF39-EECD481513E6}.Debug|Any CPU.ActiveCfg = Debug|Any CPU
		{BA5D2D3E-D877-416C-BF39-EECD481513E6}.Debug|Any CPU.Build.0 = Debug|Any CPU
		{BA5D2D3E-D877-416C-BF39-EECD481513E6}.Debug|x64.ActiveCfg = Debug|Any CPU
		{BA5D2D3E-D877-416C-BF39-EECD481513E6}.Debug|x64.Build.0 = Debug|Any CPU
		{BA5D2D3E-D877-416C-BF39-EECD481513E6}.Debug|x86.ActiveCfg = Debug|Any CPU
		{BA5D2D3E-D877-416C-BF39-EECD481513E6}.Debug|x86.Build.0 = Debug|Any CPU
		{BA5D2D3E-D877-416C-BF39-EECD481513E6}.Release|Any CPU.ActiveCfg = Release|Any CPU
		{BA5D2D3E-D877-416C-BF39-EECD481513E6}.Release|Any CPU.Build.0 = Release|Any CPU
		{BA5D2D3E-D877-416C-BF39-EECD481513E6}.Release|x64.ActiveCfg = Release|Any CPU
		{BA5D2D3E-D877-416C-BF39-EECD481513E6}.Release|x64.Build.0 = Release|Any CPU
		{BA5D2D3E-D877-416C-BF39-EECD481513E6}.Release|x86.ActiveCfg = Release|Any CPU
		{BA5D2D3E-D877-416C-BF39-EECD481513E6}.Release|x86.Build.0 = Release|Any CPU
	EndGlobalSection
	GlobalSection(SolutionProperties) = preSolution
		HideSolutionNode = FALSE
	EndGlobalSection
	GlobalSection(ExtensibilityGlobals) = postSolution
		SolutionGuid = {94243218-CEDD-4D69-B891-BB5B4A5DCF37}
	EndGlobalSection
EndGlobal
